{
  "name": "fragile-docs",
  "version": "1.0.0",
  "lockfileVersion": 3,
  "requires": true,
  "packages": {
    "": {
      "name": "fragile-docs",
      "version": "1.0.0",
      "dependencies": {
        "mystmd": "^1.3.0"
      }
    },
    "node_modules/mystmd": {
      "version": "1.7.1",
      "resolved": "https://registry.npmjs.org/mystmd/-/mystmd-1.7.1.tgz",
      "integrity": "sha512-U/hUKxBBno7aJ3A04ius15lvtiHPq521NQoqScRlLJpVDQymLI+b9K49UvPnrbVLTx2q1Tbm5bZ3yAV8B+vStg==",
      "license": "MIT",
      "bin": {
        "myst": "dist/myst.cjs"
      }
    }
  }
}
